
Microsoft Visual Studio Solution File, Format Version 12.00
# Visual Studio Version 17
VisualStudioVersion = 17.11.35222.181
MinimumVisualStudioVersion = 10.0.40219.1
Project("{9A19103F-16F7-4668-BE54-9A1E7A4F7556}") = "Basic_using", "..\Basic_using\Basic_using.csproj", "{88E2CC61-032F-423B-807D-D309F57BD5CB}"
EndProject
Project("{9A19103F-16F7-4668-BE54-9A1E7A4F7556}") = "Basic_Variable", "..\BasicVariable\Basic_Variable.csproj", "{28C9EEB6-1681-4F30-9F85-1966C72C506C}"
EndProject
Project("{9A19103F-16F7-4668-BE54-9A1E7A4F7556}") = "Basic_Enum", "..\Basic_Enum\Basic_Enum.csproj", "{BCA5AB72-53C8-4758-A9E5-17AEEBA30001}"
EndProject
Project("{FAE04EC0-301F-11D3-BF4B-00C04F79EFBC}") = "Basic_Comment", "..\Basic_Comment\Basic_Comment.csproj", "{1E14F752-7C28-4EAB-829B-8A24BADDC6AE}"
EndProject
Project("{FAE04EC0-301F-11D3-BF4B-00C04F79EFBC}") = "Basic_var", "..\Basic_var\Basic_var.csproj", "{00DCDA4C-4763-421B-B25E-619AB6E7DC5A}"
EndProject
Global
	GlobalSection(SolutionConfigurationPlatforms) = preSolution
		Debug|Any CPU = Debug|Any CPU
		Release|Any CPU = Release|Any CPU
	EndGlobalSection
	GlobalSection(ProjectConfigurationPlatforms) = postSolution
		{88E2CC61-032F-423B-807D-D309F57BD5CB}.Debug|Any CPU.ActiveCfg = Debug|Any CPU
		{88E2CC61-032F-423B-807D-D309F57BD5CB}.Debug|Any CPU.Build.0 = Debug|Any CPU
		{88E2CC61-032F-423B-807D-D309F57BD5CB}.Release|Any CPU.ActiveCfg = Release|Any CPU
		{88E2CC61-032F-423B-807D-D309F57BD5CB}.Release|Any CPU.Build.0 = Release|Any CPU
		{28C9EEB6-1681-4F30-9F85-1966C72C506C}.Debug|Any CPU.ActiveCfg = Debug|Any CPU
		{28C9EEB6-1681-4F30-9F85-1966C72C506C}.Debug|Any CPU.Build.0 = Debug|Any CPU
		{28C9EEB6-1681-4F30-9F85-1966C72C506C}.Release|Any CPU.ActiveCfg = Release|Any CPU
		{28C9EEB6-1681-4F30-9F85-1966C72C506C}.Release|Any CPU.Build.0 = Release|Any CPU
		{BCA5AB72-53C8-4758-A9E5-17AEEBA30001}.Debug|Any CPU.ActiveCfg = Debug|Any CPU
		{BCA5AB72-53C8-4758-A9E5-17AEEBA30001}.Debug|Any CPU.Build.0 = Debug|Any CPU
		{BCA5AB72-53C8-4758-A9E5-17AEEBA30001}.Release|Any CPU.ActiveCfg = Release|Any CPU
		{BCA5AB72-53C8-4758-A9E5-17AEEBA30001}.Release|Any CPU.Build.0 = Release|Any CPU
		{1E14F752-7C28-4EAB-829B-8A24BADDC6AE}.Debug|Any CPU.ActiveCfg = Debug|Any CPU
		{1E14F752-7C28-4EAB-829B-8A24BADDC6AE}.Debug|Any CPU.Build.0 = Debug|Any CPU
		{1E14F752-7C28-4EAB-829B-8A24BADDC6AE}.Release|Any CPU.ActiveCfg = Release|Any CPU
		{1E14F752-7C28-4EAB-829B-8A24BADDC6AE}.Release|Any CPU.Build.0 = Release|Any CPU
		{00DCDA4C-4763-421B-B25E-619AB6E7DC5A}.Debug|Any CPU.ActiveCfg = Debug|Any CPU
		{00DCDA4C-4763-421B-B25E-619AB6E7DC5A}.Debug|Any CPU.Build.0 = Debug|Any CPU
		{00DCDA4C-4763-421B-B25E-619AB6E7DC5A}.Release|Any CPU.ActiveCfg = Release|Any CPU
		{00DCDA4C-4763-421B-B25E-619AB6E7DC5A}.Release|Any CPU.Build.0 = Release|Any CPU
	EndGlobalSection
	GlobalSection(SolutionProperties) = preSolution
		HideSolutionNode = FALSE
	EndGlobalSection
	GlobalSection(ExtensibilityGlobals) = postSolution
		SolutionGuid = {95A0BEE1-2B11-4847-B61E-50CE9D55513B}
	EndGlobalSection
EndGlobal
